// !$*UTF8*$!
{
	archiveVersion = 1;
	classes = {
	};
	objectVersion = 51;
	objects = {

/* Begin PBXBuildFile section */
		ED5258D0268B65F8001EC3DA /* AppDelegate.swift in Sources */ = {isa = PBXBuildFile; fileRef = ED5258CF268B65F8001EC3DA /* AppDelegate.swift */; };
		ED5258D2268B65F8001EC3DA /* SceneDelegate.swift in Sources */ = {isa = PBXBuildFile; fileRef = ED5258D1268B65F8001EC3DA /* SceneDelegate.swift */; };
		ED5258D4268B65F8001EC3DA /* VKAuthViewController.swift in Sources */ = {isa = PBXBuildFile; fileRef = ED5258D3268B65F8001EC3DA /* VKAuthViewController.swift */; };
		ED5258D7268B65F8001EC3DA /* Main.storyboard in Resources */ = {isa = PBXBuildFile; fileRef = ED5258D5268B65F8001EC3DA /* Main.storyboard */; };
		ED5258D9268B660E001EC3DA /* Assets.xcassets in Resources */ = {isa = PBXBuildFile; fileRef = ED5258D8268B660E001EC3DA /* Assets.xcassets */; };
		ED5258DC268B660E001EC3DA /* LaunchScreen.storyboard in Resources */ = {isa = PBXBuildFile; fileRef = ED5258DA268B660E001EC3DA /* LaunchScreen.storyboard */; };
		ED5258F0268B70D2001EC3DA /* ApiService.swift in Sources */ = {isa = PBXBuildFile; fileRef = ED5258EF268B70D2001EC3DA /* ApiService.swift */; };
		ED6145EF26C17104004B7F44 /* GetPhotoFriend.swift in Sources */ = {isa = PBXBuildFile; fileRef = ED6145EE26C17104004B7F44 /* GetPhotoFriend.swift */; };
		ED6145F126C2A811004B7F44 /* AsyncOperation.swift in Sources */ = {isa = PBXBuildFile; fileRef = ED6145F026C2A810004B7F44 /* AsyncOperation.swift */; };
		ED6145F326C2A9B9004B7F44 /* GetDataOperation.swift in Sources */ = {isa = PBXBuildFile; fileRef = ED6145F226C2A9B8004B7F44 /* GetDataOperation.swift */; };
		ED6145F526C2AB43004B7F44 /* ParseFriendsData.swift in Sources */ = {isa = PBXBuildFile; fileRef = ED6145F426C2AB43004B7F44 /* ParseFriendsData.swift */; };
		ED6145F726C2AC68004B7F44 /* SaveDataToRealm.swift in Sources */ = {isa = PBXBuildFile; fileRef = ED6145F626C2AC68004B7F44 /* SaveDataToRealm.swift */; };
		EDD7665826922BDC00600FE4 /* BaseModel.swift in Sources */ = {isa = PBXBuildFile; fileRef = EDD7665726922BDC00600FE4 /* BaseModel.swift */; };
		EDD7665A26922C1D00600FE4 /* UserModel.swift in Sources */ = {isa = PBXBuildFile; fileRef = EDD7665926922C1D00600FE4 /* UserModel.swift */; };
		EDD7665C26922C4D00600FE4 /* GroupModel.swift in Sources */ = {isa = PBXBuildFile; fileRef = EDD7665B26922C4C00600FE4 /* GroupModel.swift */; };
		EDD7665E2692563700600FE4 /* PhotoModel.swift in Sources */ = {isa = PBXBuildFile; fileRef = EDD7665D2692563700600FE4 /* PhotoModel.swift */; };
		EDD766602692566700600FE4 /* SizeModel.swift in Sources */ = {isa = PBXBuildFile; fileRef = EDD7665F2692566700600FE4 /* SizeModel.swift */; };
		EDD766622692568C00600FE4 /* LikesModel.swift in Sources */ = {isa = PBXBuildFile; fileRef = EDD766612692568C00600FE4 /* LikesModel.swift */; };
		EDD7666926925B2800600FE4 /* LoginFormController.swift in Sources */ = {isa = PBXBuildFile; fileRef = EDD7666826925B2800600FE4 /* LoginFormController.swift */; };
		EDD7666B269A3DD100600FE4 /* TabBarController.swift in Sources */ = {isa = PBXBuildFile; fileRef = EDD7666A269A3DD100600FE4 /* TabBarController.swift */; };
		EDD7666D269A3EC400600FE4 /* FriendsListController.swift in Sources */ = {isa = PBXBuildFile; fileRef = EDD7666C269A3EC400600FE4 /* FriendsListController.swift */; };
		EDD76672269B7E4100600FE4 /* FriendsPhotosViewController.swift in Sources */ = {isa = PBXBuildFile; fileRef = EDD76671269B7E4100600FE4 /* FriendsPhotosViewController.swift */; };
		EDD76674269B934E00600FE4 /* GalleryViewController.swift in Sources */ = {isa = PBXBuildFile; fileRef = EDD76673269B934E00600FE4 /* GalleryViewController.swift */; };
		EDD76677269B976400600FE4 /* GalleryHorisontalView.swift in Sources */ = {isa = PBXBuildFile; fileRef = EDD76676269B976400600FE4 /* GalleryHorisontalView.swift */; };
		EDD7667A269B9B7300600FE4 /* FriendsPhotosCollectionViewCell.swift in Sources */ = {isa = PBXBuildFile; fileRef = EDD76678269B9B7300600FE4 /* FriendsPhotosCollectionViewCell.swift */; };
		EDD7667B269B9B7300600FE4 /* FriendsPhotosCollectionViewCell.xib in Resources */ = {isa = PBXBuildFile; fileRef = EDD76679269B9B7300600FE4 /* FriendsPhotosCollectionViewCell.xib */; };
		EDD76680269DF21B00600FE4 /* FriendTableViewCell.swift in Sources */ = {isa = PBXBuildFile; fileRef = EDD7667E269DF21B00600FE4 /* FriendTableViewCell.swift */; };
		EDD76681269DF21B00600FE4 /* FriendTableViewCell.xib in Resources */ = {isa = PBXBuildFile; fileRef = EDD7667F269DF21B00600FE4 /* FriendTableViewCell.xib */; };
		EDD76683269DF34900600FE4 /* BackImageView.swift in Sources */ = {isa = PBXBuildFile; fileRef = EDD76682269DF34900600FE4 /* BackImageView.swift */; };
		EDD7668626A0C3EB00600FE4 /* GroupTableViewCell.swift in Sources */ = {isa = PBXBuildFile; fileRef = EDD7668426A0C3EB00600FE4 /* GroupTableViewCell.swift */; };
		EDD7668726A0C3EC00600FE4 /* GroupTableViewCell.xib in Resources */ = {isa = PBXBuildFile; fileRef = EDD7668526A0C3EB00600FE4 /* GroupTableViewCell.xib */; };
		EDD7668A26A0C7B100600FE4 /* NewsTableViewCell.swift in Sources */ = {isa = PBXBuildFile; fileRef = EDD7668826A0C7B100600FE4 /* NewsTableViewCell.swift */; };
		EDD7668B26A0C7B100600FE4 /* NewsTableViewCell.xib in Resources */ = {isa = PBXBuildFile; fileRef = EDD7668926A0C7B100600FE4 /* NewsTableViewCell.xib */; };
		EDD7668D26A1D42300600FE4 /* GalleryHorisontalView.xib in Resources */ = {isa = PBXBuildFile; fileRef = EDD7668C26A1D42300600FE4 /* GalleryHorisontalView.xib */; };
		EDD7668F26A1D57600600FE4 /* GroupsListViewController.swift in Sources */ = {isa = PBXBuildFile; fileRef = EDD7668E26A1D57600600FE4 /* GroupsListViewController.swift */; };
		EDD7669126A1DF6800600FE4 /* GroupsSearchViewController.swift in Sources */ = {isa = PBXBuildFile; fileRef = EDD7669026A1DF6800600FE4 /* GroupsSearchViewController.swift */; };
		EDD7669326A1EB6200600FE4 /* NewsListViewController.swift in Sources */ = {isa = PBXBuildFile; fileRef = EDD7669226A1EB6200600FE4 /* NewsListViewController.swift */; };
		EDD7669526AD8F1A00600FE4 /* GoogleService-Info.plist in Resources */ = {isa = PBXBuildFile; fileRef = EDD7669426AD8F1900600FE4 /* GoogleService-Info.plist */; };
		EDD7669726AD93CC00600FE4 /* FirebaseUser.swift in Sources */ = {isa = PBXBuildFile; fileRef = EDD7669626AD93CC00600FE4 /* FirebaseUser.swift */; };
		EDD7669926AD954A00600FE4 /* FirebaseGroupAdded.swift in Sources */ = {isa = PBXBuildFile; fileRef = EDD7669826AD954A00600FE4 /* FirebaseGroupAdded.swift */; };
		EDD7669B26AD95D800600FE4 /* FirebaseNews.swift in Sources */ = {isa = PBXBuildFile; fileRef = EDD7669A26AD95D800600FE4 /* FirebaseNews.swift */; };
		EDD7669D26AEFC0300600FE4 /* RealmService.swift in Sources */ = {isa = PBXBuildFile; fileRef = EDD7669C26AEFC0300600FE4 /* RealmService.swift */; };
		EDD7669F26B72C8300600FE4 /* DataStorage.swift in Sources */ = {isa = PBXBuildFile; fileRef = EDD7669E26B72C8300600FE4 /* DataStorage.swift */; };
		EDD766A126B72C8B00600FE4 /* Session.swift in Sources */ = {isa = PBXBuildFile; fileRef = EDD766A026B72C8B00600FE4 /* Session.swift */; };
		F1A35BB1A1C880E7870F782C /* Pods_ClientServer.framework in Frameworks */ = {isa = PBXBuildFile; fileRef = 2E62C074521A74D4E606DFB7 /* Pods_ClientServer.framework */; };
/* End PBXBuildFile section */

/* Begin PBXFileReference section */
		20E56E265AEEC2AEFF822E6A /* Pods-ClientServer.release.xcconfig */ = {isa = PBXFileReference; includeInIndex = 1; lastKnownFileType = text.xcconfig; name = "Pods-ClientServer.release.xcconfig"; path = "Target Support Files/Pods-ClientServer/Pods-ClientServer.release.xcconfig"; sourceTree = "<group>"; };
		2E62C074521A74D4E606DFB7 /* Pods_ClientServer.framework */ = {isa = PBXFileReference; explicitFileType = wrapper.framework; includeInIndex = 0; path = Pods_ClientServer.framework; sourceTree = BUILT_PRODUCTS_DIR; };
		735E1CB1E654C4E506C0623A /* Pods-ClientServer.debug.xcconfig */ = {isa = PBXFileReference; includeInIndex = 1; lastKnownFileType = text.xcconfig; name = "Pods-ClientServer.debug.xcconfig"; path = "Target Support Files/Pods-ClientServer/Pods-ClientServer.debug.xcconfig"; sourceTree = "<group>"; };
		ED5258CC268B65F8001EC3DA /* ClientServer.app */ = {isa = PBXFileReference; explicitFileType = wrapper.application; includeInIndex = 0; path = ClientServer.app; sourceTree = BUILT_PRODUCTS_DIR; };
		ED5258CF268B65F8001EC3DA /* AppDelegate.swift */ = {isa = PBXFileReference; lastKnownFileType = sourcecode.swift; path = AppDelegate.swift; sourceTree = "<group>"; };
		ED5258D1268B65F8001EC3DA /* SceneDelegate.swift */ = {isa = PBXFileReference; lastKnownFileType = sourcecode.swift; path = SceneDelegate.swift; sourceTree = "<group>"; };
		ED5258D3268B65F8001EC3DA /* VKAuthViewController.swift */ = {isa = PBXFileReference; lastKnownFileType = sourcecode.swift; path = VKAuthViewController.swift; sourceTree = "<group>"; };
		ED5258D6268B65F8001EC3DA /* Base */ = {isa = PBXFileReference; lastKnownFileType = file.storyboard; name = Base; path = Base.lproj/Main.storyboard; sourceTree = "<group>"; };
		ED5258D8268B660E001EC3DA /* Assets.xcassets */ = {isa = PBXFileReference; lastKnownFileType = folder.assetcatalog; path = Assets.xcassets; sourceTree = "<group>"; };
		ED5258DB268B660E001EC3DA /* Base */ = {isa = PBXFileReference; lastKnownFileType = file.storyboard; name = Base; path = Base.lproj/LaunchScreen.storyboard; sourceTree = "<group>"; };
		ED5258DD268B660E001EC3DA /* Info.plist */ = {isa = PBXFileReference; lastKnownFileType = text.plist.xml; path = Info.plist; sourceTree = "<group>"; };
		ED5258EF268B70D2001EC3DA /* ApiService.swift */ = {isa = PBXFileReference; lastKnownFileType = sourcecode.swift; path = ApiService.swift; sourceTree = "<group>"; };
		ED6145EE26C17104004B7F44 /* GetPhotoFriend.swift */ = {isa = PBXFileReference; lastKnownFileType = sourcecode.swift; path = GetPhotoFriend.swift; sourceTree = "<group>"; };
		ED6145F026C2A810004B7F44 /* AsyncOperation.swift */ = {isa = PBXFileReference; lastKnownFileType = sourcecode.swift; path = AsyncOperation.swift; sourceTree = "<group>"; };
		ED6145F226C2A9B8004B7F44 /* GetDataOperation.swift */ = {isa = PBXFileReference; lastKnownFileType = sourcecode.swift; path = GetDataOperation.swift; sourceTree = "<group>"; };
		ED6145F426C2AB43004B7F44 /* ParseFriendsData.swift */ = {isa = PBXFileReference; lastKnownFileType = sourcecode.swift; path = ParseFriendsData.swift; sourceTree = "<group>"; };
		ED6145F626C2AC68004B7F44 /* SaveDataToRealm.swift */ = {isa = PBXFileReference; lastKnownFileType = sourcecode.swift; path = SaveDataToRealm.swift; sourceTree = "<group>"; };
		EDD7665726922BDC00600FE4 /* BaseModel.swift */ = {isa = PBXFileReference; lastKnownFileType = sourcecode.swift; path = BaseModel.swift; sourceTree = "<group>"; };
		EDD7665926922C1D00600FE4 /* UserModel.swift */ = {isa = PBXFileReference; lastKnownFileType = sourcecode.swift; path = UserModel.swift; sourceTree = "<group>"; };
		EDD7665B26922C4C00600FE4 /* GroupModel.swift */ = {isa = PBXFileReference; lastKnownFileType = sourcecode.swift; path = GroupModel.swift; sourceTree = "<group>"; };
		EDD7665D2692563700600FE4 /* PhotoModel.swift */ = {isa = PBXFileReference; lastKnownFileType = sourcecode.swift; path = PhotoModel.swift; sourceTree = "<group>"; };
		EDD7665F2692566700600FE4 /* SizeModel.swift */ = {isa = PBXFileReference; lastKnownFileType = sourcecode.swift; path = SizeModel.swift; sourceTree = "<group>"; };
		EDD766612692568C00600FE4 /* LikesModel.swift */ = {isa = PBXFileReference; lastKnownFileType = sourcecode.swift; path = LikesModel.swift; sourceTree = "<group>"; };
		EDD7666826925B2800600FE4 /* LoginFormController.swift */ = {isa = PBXFileReference; lastKnownFileType = sourcecode.swift; path = LoginFormController.swift; sourceTree = "<group>"; };
		EDD7666A269A3DD100600FE4 /* TabBarController.swift */ = {isa = PBXFileReference; lastKnownFileType = sourcecode.swift; path = TabBarController.swift; sourceTree = "<group>"; };
		EDD7666C269A3EC400600FE4 /* FriendsListController.swift */ = {isa = PBXFileReference; lastKnownFileType = sourcecode.swift; path = FriendsListController.swift; sourceTree = "<group>"; };
		EDD76671269B7E4100600FE4 /* FriendsPhotosViewController.swift */ = {isa = PBXFileReference; lastKnownFileType = sourcecode.swift; path = FriendsPhotosViewController.swift; sourceTree = "<group>"; };
		EDD76673269B934E00600FE4 /* GalleryViewController.swift */ = {isa = PBXFileReference; lastKnownFileType = sourcecode.swift; path = GalleryViewController.swift; sourceTree = "<group>"; };
		EDD76676269B976400600FE4 /* GalleryHorisontalView.swift */ = {isa = PBXFileReference; lastKnownFileType = sourcecode.swift; path = GalleryHorisontalView.swift; sourceTree = "<group>"; };
		EDD76678269B9B7300600FE4 /* FriendsPhotosCollectionViewCell.swift */ = {isa = PBXFileReference; lastKnownFileType = sourcecode.swift; path = FriendsPhotosCollectionViewCell.swift; sourceTree = "<group>"; };
		EDD76679269B9B7300600FE4 /* FriendsPhotosCollectionViewCell.xib */ = {isa = PBXFileReference; lastKnownFileType = file.xib; path = FriendsPhotosCollectionViewCell.xib; sourceTree = "<group>"; };
		EDD7667E269DF21B00600FE4 /* FriendTableViewCell.swift */ = {isa = PBXFileReference; lastKnownFileType = sourcecode.swift; path = FriendTableViewCell.swift; sourceTree = "<group>"; };
		EDD7667F269DF21B00600FE4 /* FriendTableViewCell.xib */ = {isa = PBXFileReference; lastKnownFileType = file.xib; path = FriendTableViewCell.xib; sourceTree = "<group>"; };
		EDD76682269DF34900600FE4 /* BackImageView.swift */ = {isa = PBXFileReference; lastKnownFileType = sourcecode.swift; path = BackImageView.swift; sourceTree = "<group>"; };
		EDD7668426A0C3EB00600FE4 /* GroupTableViewCell.swift */ = {isa = PBXFileReference; lastKnownFileType = sourcecode.swift; path = GroupTableViewCell.swift; sourceTree = "<group>"; };
		EDD7668526A0C3EB00600FE4 /* GroupTableViewCell.xib */ = {isa = PBXFileReference; lastKnownFileType = file.xib; path = GroupTableViewCell.xib; sourceTree = "<group>"; };
		EDD7668826A0C7B100600FE4 /* NewsTableViewCell.swift */ = {isa = PBXFileReference; lastKnownFileType = sourcecode.swift; path = NewsTableViewCell.swift; sourceTree = "<group>"; };
		EDD7668926A0C7B100600FE4 /* NewsTableViewCell.xib */ = {isa = PBXFileReference; lastKnownFileType = file.xib; path = NewsTableViewCell.xib; sourceTree = "<group>"; };
		EDD7668C26A1D42300600FE4 /* GalleryHorisontalView.xib */ = {isa = PBXFileReference; lastKnownFileType = file.xib; path = GalleryHorisontalView.xib; sourceTree = "<group>"; };
		EDD7668E26A1D57600600FE4 /* GroupsListViewController.swift */ = {isa = PBXFileReference; lastKnownFileType = sourcecode.swift; path = GroupsListViewController.swift; sourceTree = "<group>"; };
		EDD7669026A1DF6800600FE4 /* GroupsSearchViewController.swift */ = {isa = PBXFileReference; lastKnownFileType = sourcecode.swift; path = GroupsSearchViewController.swift; sourceTree = "<group>"; };
		EDD7669226A1EB6200600FE4 /* NewsListViewController.swift */ = {isa = PBXFileReference; lastKnownFileType = sourcecode.swift; path = NewsListViewController.swift; sourceTree = "<group>"; };
		EDD7669426AD8F1900600FE4 /* GoogleService-Info.plist */ = {isa = PBXFileReference; fileEncoding = 4; lastKnownFileType = text.plist.xml; path = "GoogleService-Info.plist"; sourceTree = "<group>"; };
		EDD7669626AD93CC00600FE4 /* FirebaseUser.swift */ = {isa = PBXFileReference; lastKnownFileType = sourcecode.swift; path = FirebaseUser.swift; sourceTree = "<group>"; };
		EDD7669826AD954A00600FE4 /* FirebaseGroupAdded.swift */ = {isa = PBXFileReference; lastKnownFileType = sourcecode.swift; path = FirebaseGroupAdded.swift; sourceTree = "<group>"; };
		EDD7669A26AD95D800600FE4 /* FirebaseNews.swift */ = {isa = PBXFileReference; lastKnownFileType = sourcecode.swift; path = FirebaseNews.swift; sourceTree = "<group>"; };
		EDD7669C26AEFC0300600FE4 /* RealmService.swift */ = {isa = PBXFileReference; lastKnownFileType = sourcecode.swift; path = RealmService.swift; sourceTree = "<group>"; };
		EDD7669E26B72C8300600FE4 /* DataStorage.swift */ = {isa = PBXFileReference; fileEncoding = 4; lastKnownFileType = sourcecode.swift; path = DataStorage.swift; sourceTree = "<group>"; };
		EDD766A026B72C8B00600FE4 /* Session.swift */ = {isa = PBXFileReference; fileEncoding = 4; lastKnownFileType = sourcecode.swift; path = Session.swift; sourceTree = "<group>"; };
/* End PBXFileReference section */

/* Begin PBXFrameworksBuildPhase section */
		ED5258C9268B65F8001EC3DA /* Frameworks */ = {
			isa = PBXFrameworksBuildPhase;
			buildActionMask = 2147483647;
			files = (
				F1A35BB1A1C880E7870F782C /* Pods_ClientServer.framework in Frameworks */,
			);
			runOnlyForDeploymentPostprocessing = 0;
		};
/* End PBXFrameworksBuildPhase section */

/* Begin PBXGroup section */
		2F85DB609534B2ACE61D375E /* Frameworks */ = {
			isa = PBXGroup;
			children = (
				2E62C074521A74D4E606DFB7 /* Pods_ClientServer.framework */,
			);
			name = Frameworks;
			sourceTree = "<group>";
		};
		78DBB37D5876F0876F355DE4 /* Pods */ = {
			isa = PBXGroup;
			children = (
				735E1CB1E654C4E506C0623A /* Pods-ClientServer.debug.xcconfig */,
				20E56E265AEEC2AEFF822E6A /* Pods-ClientServer.release.xcconfig */,
			);
			path = Pods;
			sourceTree = "<group>";
		};
		ED5258C3268B65F7001EC3DA = {
			isa = PBXGroup;
			children = (
				ED5258CE268B65F8001EC3DA /* ClientServer */,
				78DBB37D5876F0876F355DE4 /* Pods */,
				2F85DB609534B2ACE61D375E /* Frameworks */,
			);
			sourceTree = "<group>";
		};
		ED5258CD268B65F8001EC3DA /* Products */ = {
			isa = PBXGroup;
			children = (
				ED5258CC268B65F8001EC3DA /* ClientServer.app */,
			);
			name = Products;
			path = ..;
			sourceTree = "<group>";
		};
		ED5258CE268B65F8001EC3DA /* ClientServer */ = {
			isa = PBXGroup;
			children = (
				EDD7667D269DF1EB00600FE4 /* TableView */,
				EDD7667C269B9B7F00600FE4 /* CollectionView */,
				EDD76675269B972600600FE4 /* View */,
				EDD7666726925B0400600FE4 /* Controllers */,
				ED5258E6268B6D04001EC3DA /* Servises */,
				ED5258E5268B6CFE001EC3DA /* Models */,
				ED5258CD268B65F8001EC3DA /* Products */,
				ED5258E3268B666D001EC3DA /* Resourses */,
				ED5258E4268B6676001EC3DA /* App */,
			);
			path = ClientServer;
			sourceTree = "<group>";
		};
		ED5258E3268B666D001EC3DA /* Resourses */ = {
			isa = PBXGroup;
			children = (
				ED5258D5268B65F8001EC3DA /* Main.storyboard */,
				ED5258D8268B660E001EC3DA /* Assets.xcassets */,
				ED5258DA268B660E001EC3DA /* LaunchScreen.storyboard */,
				ED5258DD268B660E001EC3DA /* Info.plist */,
				EDD7669426AD8F1900600FE4 /* GoogleService-Info.plist */,
			);
			path = Resourses;
			sourceTree = "<group>";
		};
		ED5258E4268B6676001EC3DA /* App */ = {
			isa = PBXGroup;
			children = (
				ED5258D1268B65F8001EC3DA /* SceneDelegate.swift */,
				ED5258CF268B65F8001EC3DA /* AppDelegate.swift */,
			);
			path = App;
			sourceTree = "<group>";
		};
		ED5258E5268B6CFE001EC3DA /* Models */ = {
			isa = PBXGroup;
			children = (
				EDD7669E26B72C8300600FE4 /* DataStorage.swift */,
				EDD766A026B72C8B00600FE4 /* Session.swift */,
				EDD7665726922BDC00600FE4 /* BaseModel.swift */,
				EDD7665926922C1D00600FE4 /* UserModel.swift */,
				EDD7665B26922C4C00600FE4 /* GroupModel.swift */,
				EDD7665D2692563700600FE4 /* PhotoModel.swift */,
				EDD7665F2692566700600FE4 /* SizeModel.swift */,
				EDD766612692568C00600FE4 /* LikesModel.swift */,
				EDD7669626AD93CC00600FE4 /* FirebaseUser.swift */,
				EDD7669826AD954A00600FE4 /* FirebaseGroupAdded.swift */,
				EDD7669A26AD95D800600FE4 /* FirebaseNews.swift */,
			);
			path = Models;
			sourceTree = "<group>";
		};
		ED5258E6268B6D04001EC3DA /* Servises */ = {
			isa = PBXGroup;
			children = (
				ED5258EF268B70D2001EC3DA /* ApiService.swift */,
				EDD7669C26AEFC0300600FE4 /* RealmService.swift */,
				ED6145EE26C17104004B7F44 /* GetPhotoFriend.swift */,
				ED6145F026C2A810004B7F44 /* AsyncOperation.swift */,
				ED6145F226C2A9B8004B7F44 /* GetDataOperation.swift */,
				ED6145F426C2AB43004B7F44 /* ParseFriendsData.swift */,
				ED6145F626C2AC68004B7F44 /* SaveDataToRealm.swift */,
			);
			path = Servises;
			sourceTree = "<group>";
		};
		EDD7666726925B0400600FE4 /* Controllers */ = {
			isa = PBXGroup;
			children = (
				ED5258D3268B65F8001EC3DA /* VKAuthViewController.swift */,
				EDD7666826925B2800600FE4 /* LoginFormController.swift */,
				EDD7666A269A3DD100600FE4 /* TabBarController.swift */,
				EDD7666C269A3EC400600FE4 /* FriendsListController.swift */,
				EDD76671269B7E4100600FE4 /* FriendsPhotosViewController.swift */,
				EDD76673269B934E00600FE4 /* GalleryViewController.swift */,
				EDD7668E26A1D57600600FE4 /* GroupsListViewController.swift */,
				EDD7669026A1DF6800600FE4 /* GroupsSearchViewController.swift */,
				EDD7669226A1EB6200600FE4 /* NewsListViewController.swift */,
			);
			path = Controllers;
			sourceTree = "<group>";
		};
		EDD76675269B972600600FE4 /* View */ = {
			isa = PBXGroup;
			children = (
				EDD76676269B976400600FE4 /* GalleryHorisontalView.swift */,
				EDD7668C26A1D42300600FE4 /* GalleryHorisontalView.xib */,
			);
			path = View;
			sourceTree = "<group>";
		};
		EDD7667C269B9B7F00600FE4 /* CollectionView */ = {
			isa = PBXGroup;
			children = (
				EDD76678269B9B7300600FE4 /* FriendsPhotosCollectionViewCell.swift */,
				EDD76679269B9B7300600FE4 /* FriendsPhotosCollectionViewCell.xib */,
			);
			path = CollectionView;
			sourceTree = "<group>";
		};
		EDD7667D269DF1EB00600FE4 /* TableView */ = {
			isa = PBXGroup;
			children = (
				EDD7667E269DF21B00600FE4 /* FriendTableViewCell.swift */,
				EDD7667F269DF21B00600FE4 /* FriendTableViewCell.xib */,
				EDD76682269DF34900600FE4 /* BackImageView.swift */,
				EDD7668426A0C3EB00600FE4 /* GroupTableViewCell.swift */,
				EDD7668526A0C3EB00600FE4 /* GroupTableViewCell.xib */,
				EDD7668826A0C7B100600FE4 /* NewsTableViewCell.swift */,
				EDD7668926A0C7B100600FE4 /* NewsTableViewCell.xib */,
			);
			path = TableView;
			sourceTree = "<group>";
		};
/* End PBXGroup section */

/* Begin PBXNativeTarget section */
		ED5258CB268B65F8001EC3DA /* ClientServer */ = {
			isa = PBXNativeTarget;
			buildConfigurationList = ED5258E0268B660E001EC3DA /* Build configuration list for PBXNativeTarget "ClientServer" */;
			buildPhases = (
				0EFDA5848D73C8DC7B618B36 /* [CP] Check Pods Manifest.lock */,
				ED5258C8268B65F8001EC3DA /* Sources */,
				ED5258C9268B65F8001EC3DA /* Frameworks */,
				ED5258CA268B65F8001EC3DA /* Resources */,
				3ED7A80279A76EB8E369E424 /* [CP] Embed Pods Frameworks */,
			);
			buildRules = (
			);
			dependencies = (
			);
			name = ClientServer;
			productName = ClientServer;
			productReference = ED5258CC268B65F8001EC3DA /* ClientServer.app */;
			productType = "com.apple.product-type.application";
		};
/* End PBXNativeTarget section */

/* Begin PBXProject section */
		ED5258C4268B65F7001EC3DA /* Project object */ = {
			isa = PBXProject;
			attributes = {
				LastSwiftUpdateCheck = 1250;
				LastUpgradeCheck = 1250;
				TargetAttributes = {
					ED5258CB268B65F8001EC3DA = {
						CreatedOnToolsVersion = 12.5;
					};
				};
			};
			buildConfigurationList = ED5258C7268B65F7001EC3DA /* Build configuration list for PBXProject "ClientServer" */;
			compatibilityVersion = "Xcode 9.3";
			developmentRegion = en;
			hasScannedForEncodings = 0;
			knownRegions = (
				en,
				Base,
			);
			mainGroup = ED5258C3268B65F7001EC3DA;
			productRefGroup = ED5258CD268B65F8001EC3DA /* Products */;
			projectDirPath = "";
			projectRoot = "";
			targets = (
				ED5258CB268B65F8001EC3DA /* ClientServer */,
			);
		};
/* End PBXProject section */

/* Begin PBXResourcesBuildPhase section */
		ED5258CA268B65F8001EC3DA /* Resources */ = {
			isa = PBXResourcesBuildPhase;
			buildActionMask = 2147483647;
			files = (
				EDD7668D26A1D42300600FE4 /* GalleryHorisontalView.xib in Resources */,
				EDD76681269DF21B00600FE4 /* FriendTableViewCell.xib in Resources */,
				EDD7669526AD8F1A00600FE4 /* GoogleService-Info.plist in Resources */,
				EDD7668726A0C3EC00600FE4 /* GroupTableViewCell.xib in Resources */,
				ED5258DC268B660E001EC3DA /* LaunchScreen.storyboard in Resources */,
				EDD7668B26A0C7B100600FE4 /* NewsTableViewCell.xib in Resources */,
				ED5258D9268B660E001EC3DA /* Assets.xcassets in Resources */,
				ED5258D7268B65F8001EC3DA /* Main.storyboard in Resources */,
				EDD7667B269B9B7300600FE4 /* FriendsPhotosCollectionViewCell.xib in Resources */,
			);
			runOnlyForDeploymentPostprocessing = 0;
		};
/* End PBXResourcesBuildPhase section */

/* Begin PBXShellScriptBuildPhase section */
		0EFDA5848D73C8DC7B618B36 /* [CP] Check Pods Manifest.lock */ = {
			isa = PBXShellScriptBuildPhase;
			buildActionMask = 2147483647;
			files = (
			);
			inputFileListPaths = (
			);
			inputPaths = (
				"${PODS_PODFILE_DIR_PATH}/Podfile.lock",
				"${PODS_ROOT}/Manifest.lock",
			);
			name = "[CP] Check Pods Manifest.lock";
			outputFileListPaths = (
			);
			outputPaths = (
				"$(DERIVED_FILE_DIR)/Pods-ClientServer-checkManifestLockResult.txt",
			);
			runOnlyForDeploymentPostprocessing = 0;
			shellPath = /bin/sh;
			shellScript = "diff \"${PODS_PODFILE_DIR_PATH}/Podfile.lock\" \"${PODS_ROOT}/Manifest.lock\" > /dev/null\nif [ $? != 0 ] ; then\n    # print error to STDERR\n    echo \"error: The sandbox is not in sync with the Podfile.lock. Run 'pod install' or update your CocoaPods installation.\" >&2\n    exit 1\nfi\n# This output is used by Xcode 'outputs' to avoid re-running this script phase.\necho \"SUCCESS\" > \"${SCRIPT_OUTPUT_FILE_0}\"\n";
			showEnvVarsInLog = 0;
		};
		3ED7A80279A76EB8E369E424 /* [CP] Embed Pods Frameworks */ = {
			isa = PBXShellScriptBuildPhase;
			buildActionMask = 2147483647;
			files = (
			);
			inputFileListPaths = (
				"${PODS_ROOT}/Target Support Files/Pods-ClientServer/Pods-ClientServer-frameworks-${CONFIGURATION}-input-files.xcfilelist",
			);
			name = "[CP] Embed Pods Frameworks";
			outputFileListPaths = (
				"${PODS_ROOT}/Target Support Files/Pods-ClientServer/Pods-ClientServer-frameworks-${CONFIGURATION}-output-files.xcfilelist",
			);
			runOnlyForDeploymentPostprocessing = 0;
			shellPath = /bin/sh;
			shellScript = "\"${PODS_ROOT}/Target Support Files/Pods-ClientServer/Pods-ClientServer-frameworks.sh\"\n";
			showEnvVarsInLog = 0;
		};
/* End PBXShellScriptBuildPhase section */

/* Begin PBXSourcesBuildPhase section */
		ED5258C8268B65F8001EC3DA /* Sources */ = {
			isa = PBXSourcesBuildPhase;
			buildActionMask = 2147483647;
			files = (
				EDD7665C26922C4D00600FE4 /* GroupModel.swift in Sources */,
				EDD7669D26AEFC0300600FE4 /* RealmService.swift in Sources */,
				EDD7669126A1DF6800600FE4 /* GroupsSearchViewController.swift in Sources */,
				EDD7665826922BDC00600FE4 /* BaseModel.swift in Sources */,
				EDD76683269DF34900600FE4 /* BackImageView.swift in Sources */,
				EDD7666D269A3EC400600FE4 /* FriendsListController.swift in Sources */,
				EDD766622692568C00600FE4 /* LikesModel.swift in Sources */,
				EDD7669B26AD95D800600FE4 /* FirebaseNews.swift in Sources */,
				EDD7667A269B9B7300600FE4 /* FriendsPhotosCollectionViewCell.swift in Sources */,
				EDD7666B269A3DD100600FE4 /* TabBarController.swift in Sources */,
				ED6145F726C2AC68004B7F44 /* SaveDataToRealm.swift in Sources */,
				EDD7668F26A1D57600600FE4 /* GroupsListViewController.swift in Sources */,
				EDD7668A26A0C7B100600FE4 /* NewsTableViewCell.swift in Sources */,
				EDD766602692566700600FE4 /* SizeModel.swift in Sources */,
				ED5258D4268B65F8001EC3DA /* VKAuthViewController.swift in Sources */,
				EDD7668626A0C3EB00600FE4 /* GroupTableViewCell.swift in Sources */,
				EDD7669326A1EB6200600FE4 /* NewsListViewController.swift in Sources */,
				EDD7666926925B2800600FE4 /* LoginFormController.swift in Sources */,
				ED6145EF26C17104004B7F44 /* GetPhotoFriend.swift in Sources */,
				ED5258D0268B65F8001EC3DA /* AppDelegate.swift in Sources */,
				ED6145F326C2A9B9004B7F44 /* GetDataOperation.swift in Sources */,
				EDD7669926AD954A00600FE4 /* FirebaseGroupAdded.swift in Sources */,
				EDD7665E2692563700600FE4 /* PhotoModel.swift in Sources */,
				EDD766A126B72C8B00600FE4 /* Session.swift in Sources */,
				ED5258D2268B65F8001EC3DA /* SceneDelegate.swift in Sources */,
				EDD76680269DF21B00600FE4 /* FriendTableViewCell.swift in Sources */,
				EDD7669726AD93CC00600FE4 /* FirebaseUser.swift in Sources */,
				EDD7669F26B72C8300600FE4 /* DataStorage.swift in Sources */,
				EDD76674269B934E00600FE4 /* GalleryViewController.swift in Sources */,
				EDD76677269B976400600FE4 /* GalleryHorisontalView.swift in Sources */,
				ED5258F0268B70D2001EC3DA /* ApiService.swift in Sources */,
				EDD76672269B7E4100600FE4 /* FriendsPhotosViewController.swift in Sources */,
				ED6145F126C2A811004B7F44 /* AsyncOperation.swift in Sources */,
				EDD7665A26922C1D00600FE4 /* UserModel.swift in Sources */,
				ED6145F526C2AB43004B7F44 /* ParseFriendsData.swift in Sources */,
			);
			runOnlyForDeploymentPostprocessing = 0;
		};
/* End PBXSourcesBuildPhase section */

/* Begin PBXVariantGroup section */
		ED5258D5268B65F8001EC3DA /* Main.storyboard */ = {
			isa = PBXVariantGroup;
			children = (
				ED5258D6268B65F8001EC3DA /* Base */,
			);
			name = Main.storyboard;
			sourceTree = "<group>";
		};
		ED5258DA268B660E001EC3DA /* LaunchScreen.storyboard */ = {
			isa = PBXVariantGroup;
			children = (
				ED5258DB268B660E001EC3DA /* Base */,
			);
			name = LaunchScreen.storyboard;
			sourceTree = "<group>";
		};
/* End PBXVariantGroup section */

/* Begin XCBuildConfiguration section */
		ED5258DE268B660E001EC3DA /* Debug */ = {
			isa = XCBuildConfiguration;
			buildSettings = {
				ALWAYS_SEARCH_USER_PATHS = NO;
				CLANG_ANALYZER_NONNULL = YES;
				CLANG_ANALYZER_NUMBER_OBJECT_CONVERSION = YES_AGGRESSIVE;
				CLANG_CXX_LANGUAGE_STANDARD = "gnu++14";
				CLANG_CXX_LIBRARY = "libc++";
				CLANG_ENABLE_MODULES = YES;
				CLANG_ENABLE_OBJC_ARC = YES;
				CLANG_ENABLE_OBJC_WEAK = YES;
				CLANG_WARN_BLOCK_CAPTURE_AUTORELEASING = YES;
				CLANG_WARN_BOOL_CONVERSION = YES;
				CLANG_WARN_COMMA = YES;
				CLANG_WARN_CONSTANT_CONVERSION = YES;
				CLANG_WARN_DEPRECATED_OBJC_IMPLEMENTATIONS = YES;
				CLANG_WARN_DIRECT_OBJC_ISA_USAGE = YES_ERROR;
				CLANG_WARN_DOCUMENTATION_COMMENTS = YES;
				CLANG_WARN_EMPTY_BODY = YES;
				CLANG_WARN_ENUM_CONVERSION = YES;
				CLANG_WARN_INFINITE_RECURSION = YES;
				CLANG_WARN_INT_CONVERSION = YES;
				CLANG_WARN_NON_LITERAL_NULL_CONVERSION = YES;
				CLANG_WARN_OBJC_IMPLICIT_RETAIN_SELF = YES;
				CLANG_WARN_OBJC_LITERAL_CONVERSION = YES;
				CLANG_WARN_OBJC_ROOT_CLASS = YES_ERROR;
				CLANG_WARN_QUOTED_INCLUDE_IN_FRAMEWORK_HEADER = YES;
				CLANG_WARN_RANGE_LOOP_ANALYSIS = YES;
				CLANG_WARN_STRICT_PROTOTYPES = YES;
				CLANG_WARN_SUSPICIOUS_MOVE = YES;
				CLANG_WARN_UNGUARDED_AVAILABILITY = YES_AGGRESSIVE;
				CLANG_WARN_UNREACHABLE_CODE = YES;
				CLANG_WARN__DUPLICATE_METHOD_MATCH = YES;
				COPY_PHASE_STRIP = NO;
				DEBUG_INFORMATION_FORMAT = dwarf;
				ENABLE_STRICT_OBJC_MSGSEND = YES;
				ENABLE_TESTABILITY = YES;
				GCC_C_LANGUAGE_STANDARD = gnu11;
				GCC_DYNAMIC_NO_PIC = NO;
				GCC_NO_COMMON_BLOCKS = YES;
				GCC_OPTIMIZATION_LEVEL = 0;
				GCC_PREPROCESSOR_DEFINITIONS = (
					"DEBUG=1",
					"$(inherited)",
				);
				GCC_WARN_64_TO_32_BIT_CONVERSION = YES;
				GCC_WARN_ABOUT_RETURN_TYPE = YES_ERROR;
				GCC_WARN_UNDECLARED_SELECTOR = YES;
				GCC_WARN_UNINITIALIZED_AUTOS = YES_AGGRESSIVE;
				GCC_WARN_UNUSED_FUNCTION = YES;
				GCC_WARN_UNUSED_VARIABLE = YES;
				IPHONEOS_DEPLOYMENT_TARGET = 14.5;
				MTL_ENABLE_DEBUG_INFO = INCLUDE_SOURCE;
				MTL_FAST_MATH = YES;
				ONLY_ACTIVE_ARCH = YES;
				SDKROOT = iphoneos;
				SWIFT_ACTIVE_COMPILATION_CONDITIONS = DEBUG;
				SWIFT_OPTIMIZATION_LEVEL = "-Onone";
			};
			name = Debug;
		};
		ED5258DF268B660E001EC3DA /* Release */ = {
			isa = XCBuildConfiguration;
			buildSettings = {
				ALWAYS_SEARCH_USER_PATHS = NO;
				CLANG_ANALYZER_NONNULL = YES;
				CLANG_ANALYZER_NUMBER_OBJECT_CONVERSION = YES_AGGRESSIVE;
				CLANG_CXX_LANGUAGE_STANDARD = "gnu++14";
				CLANG_CXX_LIBRARY = "libc++";
				CLANG_ENABLE_MODULES = YES;
				CLANG_ENABLE_OBJC_ARC = YES;
				CLANG_ENABLE_OBJC_WEAK = YES;
				CLANG_WARN_BLOCK_CAPTURE_AUTORELEASING = YES;
				CLANG_WARN_BOOL_CONVERSION = YES;
				CLANG_WARN_COMMA = YES;
				CLANG_WARN_CONSTANT_CONVERSION = YES;
				CLANG_WARN_DEPRECATED_OBJC_IMPLEMENTATIONS = YES;
				CLANG_WARN_DIRECT_OBJC_ISA_USAGE = YES_ERROR;
				CLANG_WARN_DOCUMENTATION_COMMENTS = YES;
				CLANG_WARN_EMPTY_BODY = YES;
				CLANG_WARN_ENUM_CONVERSION = YES;
				CLANG_WARN_INFINITE_RECURSION = YES;
				CLANG_WARN_INT_CONVERSION = YES;
				CLANG_WARN_NON_LITERAL_NULL_CONVERSION = YES;
				CLANG_WARN_OBJC_IMPLICIT_RETAIN_SELF = YES;
				CLANG_WARN_OBJC_LITERAL_CONVERSION = YES;
				CLANG_WARN_OBJC_ROOT_CLASS = YES_ERROR;
				CLANG_WARN_QUOTED_INCLUDE_IN_FRAMEWORK_HEADER = YES;
				CLANG_WARN_RANGE_LOOP_ANALYSIS = YES;
				CLANG_WARN_STRICT_PROTOTYPES = YES;
				CLANG_WARN_SUSPICIOUS_MOVE = YES;
				CLANG_WARN_UNGUARDED_AVAILABILITY = YES_AGGRESSIVE;
				CLANG_WARN_UNREACHABLE_CODE = YES;
				CLANG_WARN__DUPLICATE_METHOD_MATCH = YES;
				COPY_PHASE_STRIP = NO;
				DEBUG_INFORMATION_FORMAT = "dwarf-with-dsym";
				ENABLE_NS_ASSERTIONS = NO;
				ENABLE_STRICT_OBJC_MSGSEND = YES;
				GCC_C_LANGUAGE_STANDARD = gnu11;
				GCC_NO_COMMON_BLOCKS = YES;
				GCC_WARN_64_TO_32_BIT_CONVERSION = YES;
				GCC_WARN_ABOUT_RETURN_TYPE = YES_ERROR;
				GCC_WARN_UNDECLARED_SELECTOR = YES;
				GCC_WARN_UNINITIALIZED_AUTOS = YES_AGGRESSIVE;
				GCC_WARN_UNUSED_FUNCTION = YES;
				GCC_WARN_UNUSED_VARIABLE = YES;
				IPHONEOS_DEPLOYMENT_TARGET = 14.5;
				MTL_ENABLE_DEBUG_INFO = NO;
				MTL_FAST_MATH = YES;
				SDKROOT = iphoneos;
				SWIFT_COMPILATION_MODE = wholemodule;
				SWIFT_OPTIMIZATION_LEVEL = "-O";
				VALIDATE_PRODUCT = YES;
			};
			name = Release;
		};
		ED5258E1268B660E001EC3DA /* Debug */ = {
			isa = XCBuildConfiguration;
			baseConfigurationReference = 735E1CB1E654C4E506C0623A /* Pods-ClientServer.debug.xcconfig */;
			buildSettings = {
				ASSETCATALOG_COMPILER_APPICON_NAME = AppIcon;
				ASSETCATALOG_COMPILER_GLOBAL_ACCENT_COLOR_NAME = AccentColor;
				CODE_SIGN_STYLE = Automatic;
				DEVELOPMENT_TEAM = HC675G235N;
				INFOPLIST_FILE = ClientServer/Resourses/Info.plist;
				LD_RUNPATH_SEARCH_PATHS = (
					"$(inherited)",
					"@executable_path/Frameworks",
				);
				PRODUCT_BUNDLE_IDENTIFIER = com.gb.clientServerVk;
				PRODUCT_NAME = "$(TARGET_NAME)";
				SWIFT_VERSION = 5.0;
				TARGETED_DEVICE_FAMILY = "1,2";
			};
			name = Debug;
		};
		ED5258E2268B660E001EC3DA /* Release */ = {
			isa = XCBuildConfiguration;
			baseConfigurationReference = 20E56E265AEEC2AEFF822E6A /* Pods-ClientServer.release.xcconfig */;
			buildSettings = {
				ASSETCATALOG_COMPILER_APPICON_NAME = AppIcon;
				ASSETCATALOG_COMPILER_GLOBAL_ACCENT_COLOR_NAME = AccentColor;
				CODE_SIGN_STYLE = Automatic;
				DEVELOPMENT_TEAM = HC675G235N;
				INFOPLIST_FILE = ClientServer/Resourses/Info.plist;
				LD_RUNPATH_SEARCH_PATHS = (
					"$(inherited)",
					"@executable_path/Frameworks",
				);
				PRODUCT_BUNDLE_IDENTIFIER = com.gb.clientServerVk;
				PRODUCT_NAME = "$(TARGET_NAME)";
				SWIFT_VERSION = 5.0;
				TARGETED_DEVICE_FAMILY = "1,2";
			};
			name = Release;
		};
/* End XCBuildConfiguration section */

/* Begin XCConfigurationList section */
		ED5258C7268B65F7001EC3DA /* Build configuration list for PBXProject "ClientServer" */ = {
			isa = XCConfigurationList;
			buildConfigurations = (
				ED5258DE268B660E001EC3DA /* Debug */,
				ED5258DF268B660E001EC3DA /* Release */,
			);
			defaultConfigurationIsVisible = 0;
			defaultConfigurationName = Release;
		};
		ED5258E0268B660E001EC3DA /* Build configuration list for PBXNativeTarget "ClientServer" */ = {
			isa = XCConfigurationList;
			buildConfigurations = (
				ED5258E1268B660E001EC3DA /* Debug */,
				ED5258E2268B660E001EC3DA /* Release */,
			);
			defaultConfigurationIsVisible = 0;
			defaultConfigurationName = Release;
		};
/* End XCConfigurationList section */
	};
	rootObject = ED5258C4268B65F7001EC3DA /* Project object */;
}
